
Microsoft Visual Studio Solution File, Format Version 12.00
# Visual Studio Version 16
VisualStudioVersion = 16.0.31829.152
MinimumVisualStudioVersion = 10.0.40219.1
Project("{2150E333-8FDC-42A3-9474-1A3956D46DE8}") = "src", "src", "{9CD0FE64-5542-4EAA-9CBB-EF10C43E20D5}"
EndProject
Project("{9A19103F-16F7-4668-BE54-9A1E7A4F7556}") = "Ms.Arch.Hw01.Api", "src\Ms.Arch.Hw01.Api\Ms.Arch.Hw01.Api.csproj", "{665D9081-0EB8-49B7-A4B5-BFF860BF3274}"
EndProject
Global
	GlobalSection(SolutionConfigurationPlatforms) = preSolution
		Debug|Any CPU = Debug|Any CPU
		Release|Any CPU = Release|Any CPU
	EndGlobalSection
	GlobalSection(ProjectConfigurationPlatforms) = postSolution
		{665D9081-0EB8-49B7-A4B5-BFF860BF3274}.Debug|Any CPU.ActiveCfg = Debug|Any CPU
		{665D9081-0EB8-49B7-A4B5-BFF860BF3274}.Debug|Any CPU.Build.0 = Debug|Any CPU
		{665D9081-0EB8-49B7-A4B5-BFF860BF3274}.Release|Any CPU.ActiveCfg = Release|Any CPU
		{665D9081-0EB8-49B7-A4B5-BFF860BF3274}.Release|Any CPU.Build.0 = Release|Any CPU
	EndGlobalSection
	GlobalSection(SolutionProperties) = preSolution
		HideSolutionNode = FALSE
	EndGlobalSection
	GlobalSection(NestedProjects) = preSolution
		{665D9081-0EB8-49B7-A4B5-BFF860BF3274} = {9CD0FE64-5542-4EAA-9CBB-EF10C43E20D5}
	EndGlobalSection
	GlobalSection(ExtensibilityGlobals) = postSolution
		SolutionGuid = {DD85230F-C996-494D-9F27-4F1934D56B37}
	EndGlobalSection
EndGlobal
